Microsoft Visual Studio Solution File, Format Version 11.00
# Visual Studio 2008

Project("{9F6DF359-B7B3-2CD3-8C7C-1BB1A1E675ED}") = "clock tutorial", "Assembly-CSharp.csproj", "{331A0A84-41D7-2EAC-E5FF-41FB9F99BB89}"
EndProject
Global
	GlobalSection(SolutionConfigurationPlatforms) = preSolution
		Debug|Any CPU = Debug|Any CPU
		Release|Any CPU = Release|Any CPU
	EndGlobalSection
	GlobalSection(ProjectConfigurationPlatforms) = postSolution
		{331A0A84-41D7-2EAC-E5FF-41FB9F99BB89}.Debug|Any CPU.ActiveCfg = Debug|Any CPU
		{331A0A84-41D7-2EAC-E5FF-41FB9F99BB89}.Debug|Any CPU.Build.0 = Debug|Any CPU
		{331A0A84-41D7-2EAC-E5FF-41FB9F99BB89}.Release|Any CPU.ActiveCfg = Release|Any CPU
		{331A0A84-41D7-2EAC-E5FF-41FB9F99BB89}.Release|Any CPU.Build.0 = Release|Any CPU
	EndGlobalSection
	GlobalSection(SolutionProperties) = preSolution
		HideSolutionNode = FALSE
	EndGlobalSection
	GlobalSection(MonoDevelopProperties) = preSolution
		StartupItem = Assembly-CSharp.csproj
	EndGlobalSection
EndGlobal
